
Microsoft Visual Studio Solution File, Format Version 12.00
# Visual Studio Version 17
VisualStudioVersion = 17.8.34330.188
MinimumVisualStudioVersion = 10.0.40219.1
Project("{FAE04EC0-301F-11D3-BF4B-00C04F79EFBC}") = "MoviesApplicationRefit", "MoviesApplicationRefit\MoviesApplicationRefit.csproj", "{D7C1A045-64A7-4C88-ACC1-446F9B68E87F}"
EndProject
Global
	GlobalSection(SolutionConfigurationPlatforms) = preSolution
		Debug|Any CPU = Debug|Any CPU
		Release|Any CPU = Release|Any CPU
	EndGlobalSection
	GlobalSection(ProjectConfigurationPlatforms) = postSolution
		{D7C1A045-64A7-4C88-ACC1-446F9B68E87F}.Debug|Any CPU.ActiveCfg = Debug|Any CPU
		{D7C1A045-64A7-4C88-ACC1-446F9B68E87F}.Debug|Any CPU.Build.0 = Debug|Any CPU
		{D7C1A045-64A7-4C88-ACC1-446F9B68E87F}.Release|Any CPU.ActiveCfg = Release|Any CPU
		{D7C1A045-64A7-4C88-ACC1-446F9B68E87F}.Release|Any CPU.Build.0 = Release|Any CPU
	EndGlobalSection
	GlobalSection(SolutionProperties) = preSolution
		HideSolutionNode = FALSE
	EndGlobalSection
	GlobalSection(ExtensibilityGlobals) = postSolution
		SolutionGuid = {2985D7AF-9FA7-47B1-BD59-5D8FBA50AF78}
	EndGlobalSection
EndGlobal
